{
  "name": "Royal Project Internship",
  "lockfileVersion": 3,
  "requires": true,
  "packages": {
    "": {
      "dependencies": {
        "some-library": "^1.0.0"
      }
    },
    "node_modules/some-library": {
      "version": "1.0.0",
      "resolved": "https://registry.npmjs.org/some-library/-/some-library-1.0.0.tgz",
      "integrity": "sha512-Cb1dSz8GYE4Y4wCKHxxRcAh8niHTTJTbjebek5GfsfUjLkA7Qpt5VP545ul2kSGNSvO3Z8Vsyu/b9JnzldrENQ==",
      "license": "ISC"
    }
  }
}
